lockVersion: 2.0.0
id: d1780f98-50f7-4933-a201-d999ab031ea9
management:
  docChecksum: 427a01952698294c1e7d0b9fe945c4be
  docVersion: 1.3.0
  speakeasyVersion: 1.339.0
  generationVersion: 2.375.5
  releaseVersion: 0.2.1
  configChecksum: 031b19e7ec04e8d1dd7510c9182e4f5a
  repoURL: https://github.com/speakeasy-sdks/loops-go.git
  installationURL: https://github.com/speakeasy-sdks/loops-go
features:
  go:
    additionalDependencies: 0.1.0
    core: 3.5.0
    defaultEnabledRetries: 0.2.0
    devContainers: 2.90.0
    envVarSecurityUsage: 0.2.0
    errorUnions: 0.1.0
    flattening: 2.81.1
    globalSecurity: 2.82.9
    globalSecurityCallbacks: 0.1.0
    globalSecurityFlattening: 0.1.0
    globalServerURLs: 2.82.2
    intellisenseMarkdownSupport: 0.1.0
    responseFormat: 0.1.2
    retries: 2.83.0
    sdkHooks: 0.1.0
    unions: 2.85.8
generatedFiles:
  - contacts.go
  - mailinglists.go
  - events.go
  - transactionalemails.go
  - customfields.go
  - loops.go
  - go.mod
  - models/sdkerrors/sdkerror.go
  - retry/config.go
  - types/bigint.go
  - types/date.go
  - types/datetime.go
  - types/decimal.go
  - types/pointers.go
  - internal/utils/contenttype.go
  - internal/utils/form.go
  - internal/utils/headers.go
  - internal/utils/json.go
  - internal/utils/pathparams.go
  - internal/utils/queryparams.go
  - internal/utils/requestbody.go
  - internal/utils/retries.go
  - internal/utils/security.go
  - internal/utils/utils.go
  - /models/operations/postcontactscreate.go
  - /models/operations/putcontactsupdate.go
  - /models/operations/getcontactsfind.go
  - /models/operations/postcontactsdelete.go
  - /models/operations/getlists.go
  - /models/operations/posteventssend.go
  - /models/operations/posttransactional.go
  - /models/operations/getcontactscustomfields.go
  - /models/components/contactsuccessresponse.go
  - /models/components/httpmetadata.go
  - /models/components/contactrequest.go
  - /models/components/contact.go
  - /models/components/contactdeleteresponse.go
  - /models/components/contactdeleterequest.go
  - /models/components/mailinglist.go
  - /models/components/eventsuccessresponse.go
  - /models/components/eventrequest.go
  - /models/components/transactionalsuccessresponse.go
  - /models/components/transactionalfailureresponse.go
  - /models/components/transactionalfailure3response.go
  - /models/components/transactionalrequest.go
  - /models/components/customfield.go
  - /models/components/security.go
  - /models/sdkerrors/contactfailureresponse.go
  - /models/sdkerrors/postcontactsdelete.go
  - /models/sdkerrors/eventfailureresponse.go
  - /models/sdkerrors/posttransactional.go
  - /models/sdkerrors/transactionalfailure2response.go
  - docs/models/operations/postcontactscreateresponse.md
  - docs/models/operations/putcontactsupdateresponse.md
  - docs/models/operations/getcontactsfindrequest.md
  - docs/models/operations/getcontactsfindresponse.md
  - docs/models/operations/postcontactsdeleteresponse.md
  - docs/models/operations/getlistsresponse.md
  - docs/models/operations/posteventssendresponse.md
  - docs/models/operations/posttransactionalresponse.md
  - docs/models/operations/getcontactscustomfieldsresponse.md
  - docs/models/components/contactsuccessresponse.md
  - docs/models/components/httpmetadata.md
  - docs/models/components/mailinglists.md
  - docs/models/components/contactrequest.md
  - docs/models/components/contact.md
  - docs/models/components/contactdeleteresponse.md
  - docs/models/components/contactdeleterequest.md
  - docs/models/components/mailinglist.md
  - docs/models/components/eventsuccessresponse.md
  - docs/models/components/eventrequestmailinglists.md
  - docs/models/components/eventrequest.md
  - docs/models/components/transactionalsuccessresponse.md
  - docs/models/components/transactionalfailureresponse.md
  - docs/models/components/transactionalfailure3response.md
  - docs/models/components/datavariables.md
  - docs/models/components/transactionalrequest.md
  - docs/models/components/customfield.md
  - docs/models/components/security.md
  - docs/models/sdkerrors/contactfailureresponse.md
  - docs/models/sdkerrors/postcontactsdeleteresponsebody.md
  - docs/models/sdkerrors/eventfailureresponse.md
  - docs/models/sdkerrors/posttransactionalresponsebody.md
  - docs/models/sdkerrors/error.md
  - docs/models/sdkerrors/transactionalfailure2response.md
  - docs/sdks/loops/README.md
  - docs/models/operations/option.md
  - docs/sdks/contacts/README.md
  - docs/sdks/mailinglists/README.md
  - docs/sdks/events/README.md
  - docs/sdks/transactionalemails/README.md
  - docs/sdks/customfields/README.md
  - USAGE.md
  - models/operations/options.go
  - .gitattributes
  - .devcontainer/README.md
  - .devcontainer/devcontainer.json
  - .devcontainer/setup.sh
  - internal/hooks/hooks.go
  - CONTRIBUTING.md
