speakeasyVersion: 1.339.0
sources:
    loops-oas:
        sourceNamespace: loops-oas
        sourceRevisionDigest: sha256:8359e6792fb8da49a8e5b26375aecf816fc017dcef8db4b68b77ec76234d898f
        sourceBlobDigest: sha256:464f2100513eb956c4d7a7c8dcb79c1c73f0a08fa14af2310fe881e6768eb1bf
        tags:
            - latest
            - main
targets:
    loops:
        source: loops-oas
        sourceNamespace: loops-oas
        sourceRevisionDigest: sha256:8359e6792fb8da49a8e5b26375aecf816fc017dcef8db4b68b77ec76234d898f
        sourceBlobDigest: sha256:464f2100513eb956c4d7a7c8dcb79c1c73f0a08fa14af2310fe881e6768eb1bf
        outLocation: /github/workspace/repo
workflow:
    workflowVersion: 1.0.0
    speakeasyVersion: latest
    sources:
        loops-oas:
            inputs:
                - location: https://app.loops.so/openapi.yaml
            overlays:
                - location: .speakeasy/overlay.yaml
            registry:
                location: registry.speakeasyapi.dev/speakeasy-self/speakeasy-self/loops-oas
    targets:
        loops:
            target: go
            source: loops-oas
