speakeasyVersion: 1.358.0
sources:
    loops-oas:
        sourceNamespace: loops-oas
        sourceRevisionDigest: sha256:3e3a0b4a60a67d1ada2aa2bcc43e7412b2e02ec4042fea95798478dab055cb73
        sourceBlobDigest: sha256:476977346936cc88e0f4e9177b7531d84318c42c94f5abac23d8f86af9197aee
        tags:
            - latest
            - main
targets:
    loops:
        source: loops-oas
        sourceNamespace: loops-oas
        sourceRevisionDigest: sha256:3e3a0b4a60a67d1ada2aa2bcc43e7412b2e02ec4042fea95798478dab055cb73
        sourceBlobDigest: sha256:476977346936cc88e0f4e9177b7531d84318c42c94f5abac23d8f86af9197aee
        outLocation: /github/workspace/repo
workflow:
    workflowVersion: 1.0.0
    speakeasyVersion: latest
    sources:
        loops-oas:
            inputs:
                - location: https://app.loops.so/openapi.yaml
            overlays:
                - location: .speakeasy/overlay.yaml
            registry:
                location: registry.speakeasyapi.dev/speakeasy-self/speakeasy-self/loops-oas
    targets:
        loops:
            target: go
            source: loops-oas
